
Microsoft Visual Studio Solution File, Format Version 12.00
# Visual Studio Version 17
VisualStudioVersion = 17.2.32616.157
MinimumVisualStudioVersion = 10.0.40219.1
Project("{FAE04EC0-301F-11D3-BF4B-00C04F79EFBC}") = "Lab_4_1_17", "Lab_4_1_17.csproj", "{B8F4CEB7-0A9A-4C49-934B-57145E96D694}"
EndProject
Global
	GlobalSection(SolutionConfigurationPlatforms) = preSolution
		Debug|Any CPU = Debug|Any CPU
		Release|Any CPU = Release|Any CPU
	EndGlobalSection
	GlobalSection(ProjectConfigurationPlatforms) = postSolution
		{B8F4CEB7-0A9A-4C49-934B-57145E96D694}.Debug|Any CPU.ActiveCfg = Debug|Any CPU
		{B8F4CEB7-0A9A-4C49-934B-57145E96D694}.Debug|Any CPU.Build.0 = Debug|Any CPU
		{B8F4CEB7-0A9A-4C49-934B-57145E96D694}.Release|Any CPU.ActiveCfg = Release|Any CPU
		{B8F4CEB7-0A9A-4C49-934B-57145E96D694}.Release|Any CPU.Build.0 = Release|Any CPU
	EndGlobalSection
	GlobalSection(SolutionProperties) = preSolution
		HideSolutionNode = FALSE
	EndGlobalSection
	GlobalSection(ExtensibilityGlobals) = postSolution
		SolutionGuid = {6802AADC-AB14-47D6-822E-B60814E24C07}
	EndGlobalSection
EndGlobal
